// !$*UTF8*$!
{
	archiveVersion = 1;
	classes = {
	};
	objectVersion = 55;
	objects = {

/* Begin PBXBuildFile section */
		962296442908CC0C009DE671 /* main.swift in Sources */ = {isa = PBXBuildFile; fileRef = 962296432908CC0C009DE671 /* main.swift */; };
		962296462908D131009DE671 /* ArrayInit.swift in Sources */ = {isa = PBXBuildFile; fileRef = 962296452908D131009DE671 /* ArrayInit.swift */; };
		962296482908E737009DE671 /* BJ_1001.swift in Sources */ = {isa = PBXBuildFile; fileRef = 962296472908E737009DE671 /* BJ_1001.swift */; };
		9622964A2908EE20009DE671 /* BJ_10098.swift in Sources */ = {isa = PBXBuildFile; fileRef = 96BF68FD28DBD699007D88C8 /* BJ_10098.swift */; };
		9622964C2908F36A009DE671 /* BJ_1008.swift in Sources */ = {isa = PBXBuildFile; fileRef = 9622964B2908F36A009DE671 /* BJ_1008.swift */; };
		9622964E2908FB19009DE671 /* BJ_10869.swift in Sources */ = {isa = PBXBuildFile; fileRef = 9622964D2908FB19009DE671 /* BJ_10869.swift */; };
		96FEC2AD289B327100580B06 /* Tutorial.swift in Sources */ = {isa = PBXBuildFile; fileRef = 96FEC2A4289B310800580B06 /* Tutorial.swift */; };
/* End PBXBuildFile section */

/* Begin PBXCopyFilesBuildPhase section */
		96FEC29F289B310800580B06 /* CopyFiles */ = {
			isa = PBXCopyFilesBuildPhase;
			buildActionMask = 2147483647;
			dstPath = /usr/share/man/man1/;
			dstSubfolderSpec = 0;
			files = (
			);
			runOnlyForDeploymentPostprocessing = 1;
		};
/* End PBXCopyFilesBuildPhase section */

/* Begin PBXFileReference section */
		962296432908CC0C009DE671 /* main.swift */ = {isa = PBXFileReference; lastKnownFileType = sourcecode.swift; path = main.swift; sourceTree = "<group>"; };
		962296452908D131009DE671 /* ArrayInit.swift */ = {isa = PBXFileReference; lastKnownFileType = sourcecode.swift; path = ArrayInit.swift; sourceTree = "<group>"; };
		962296472908E737009DE671 /* BJ_1001.swift */ = {isa = PBXFileReference; lastKnownFileType = sourcecode.swift; path = BJ_1001.swift; sourceTree = "<group>"; };
		9622964B2908F36A009DE671 /* BJ_1008.swift */ = {isa = PBXFileReference; lastKnownFileType = sourcecode.swift; path = BJ_1008.swift; sourceTree = "<group>"; };
		9622964D2908FB19009DE671 /* BJ_10869.swift */ = {isa = PBXFileReference; lastKnownFileType = sourcecode.swift; path = BJ_10869.swift; sourceTree = "<group>"; };
		96BF68FB28DBD62A007D88C8 /* BJ_1000.swift */ = {isa = PBXFileReference; lastKnownFileType = sourcecode.swift; path = BJ_1000.swift; sourceTree = "<group>"; };
		96BF68FD28DBD699007D88C8 /* BJ_10098.swift */ = {isa = PBXFileReference; lastKnownFileType = sourcecode.swift; path = BJ_10098.swift; sourceTree = "<group>"; };
		96FEC2A1289B310800580B06 /* Algorithm */ = {isa = PBXFileReference; explicitFileType = "compiled.mach-o.executable"; includeInIndex = 0; path = Algorithm; sourceTree = BUILT_PRODUCTS_DIR; };
		96FEC2A4289B310800580B06 /* Tutorial.swift */ = {isa = PBXFileReference; lastKnownFileType = sourcecode.swift; path = Tutorial.swift; sourceTree = "<group>"; };
/* End PBXFileReference section */

/* Begin PBXFrameworksBuildPhase section */
		96FEC29E289B310800580B06 /* Frameworks */ = {
			isa = PBXFrameworksBuildPhase;
			buildActionMask = 2147483647;
			files = (
			);
			runOnlyForDeploymentPostprocessing = 0;
		};
/* End PBXFrameworksBuildPhase section */

/* Begin PBXGroup section */
		962296492908ED3C009DE671 /* InputAndOperation */ = {
			isa = PBXGroup;
			children = (
				96BF68FB28DBD62A007D88C8 /* BJ_1000.swift */,
				962296472908E737009DE671 /* BJ_1001.swift */,
				96BF68FD28DBD699007D88C8 /* BJ_10098.swift */,
				9622964B2908F36A009DE671 /* BJ_1008.swift */,
				9622964D2908FB19009DE671 /* BJ_10869.swift */,
			);
			path = InputAndOperation;
			sourceTree = "<group>";
		};
		96FEC298289B310800580B06 = {
			isa = PBXGroup;
			children = (
				96FEC2A3289B310800580B06 /* Algorithm */,
				96FEC2A2289B310800580B06 /* Products */,
			);
			sourceTree = "<group>";
		};
		96FEC2A2289B310800580B06 /* Products */ = {
			isa = PBXGroup;
			children = (
				96FEC2A1289B310800580B06 /* Algorithm */,
			);
			name = Products;
			sourceTree = "<group>";
		};
		96FEC2A3289B310800580B06 /* Algorithm */ = {
			isa = PBXGroup;
			children = (
				96FEC2A4289B310800580B06 /* Tutorial.swift */,
				962296452908D131009DE671 /* ArrayInit.swift */,
				962296492908ED3C009DE671 /* InputAndOperation */,
				962296432908CC0C009DE671 /* main.swift */,
			);
			path = Algorithm;
			sourceTree = "<group>";
		};
/* End PBXGroup section */

/* Begin PBXNativeTarget section */
		96FEC2A0289B310800580B06 /* Algorithm */ = {
			isa = PBXNativeTarget;
			buildConfigurationList = 96FEC2A8289B310800580B06 /* Build configuration list for PBXNativeTarget "Algorithm" */;
			buildPhases = (
				96FEC29D289B310800580B06 /* Sources */,
				96FEC29E289B310800580B06 /* Frameworks */,
				96FEC29F289B310800580B06 /* CopyFiles */,
			);
			buildRules = (
			);
			dependencies = (
			);
			name = Algorithm;
			productName = Algorithm;
			productReference = 96FEC2A1289B310800580B06 /* Algorithm */;
			productType = "com.apple.product-type.tool";
		};
/* End PBXNativeTarget section */

/* Begin PBXProject section */
		96FEC299289B310800580B06 /* Project object */ = {
			isa = PBXProject;
			attributes = {
				BuildIndependentTargetsInParallel = 1;
				LastSwiftUpdateCheck = 1340;
				LastUpgradeCheck = 1340;
				TargetAttributes = {
					96FEC2A0289B310800580B06 = {
						CreatedOnToolsVersion = 13.4;
					};
				};
			};
			buildConfigurationList = 96FEC29C289B310800580B06 /* Build configuration list for PBXProject "Algorithm" */;
			compatibilityVersion = "Xcode 13.0";
			developmentRegion = en;
			hasScannedForEncodings = 0;
			knownRegions = (
				en,
				Base,
			);
			mainGroup = 96FEC298289B310800580B06;
			productRefGroup = 96FEC2A2289B310800580B06 /* Products */;
			projectDirPath = "";
			projectRoot = "";
			targets = (
				96FEC2A0289B310800580B06 /* Algorithm */,
			);
		};
/* End PBXProject section */

/* Begin PBXSourcesBuildPhase section */
		96FEC29D289B310800580B06 /* Sources */ = {
			isa = PBXSourcesBuildPhase;
			buildActionMask = 2147483647;
			files = (
				96FEC2AD289B327100580B06 /* Tutorial.swift in Sources */,
				962296482908E737009DE671 /* BJ_1001.swift in Sources */,
				962296442908CC0C009DE671 /* main.swift in Sources */,
				9622964E2908FB19009DE671 /* BJ_10869.swift in Sources */,
				9622964A2908EE20009DE671 /* BJ_10098.swift in Sources */,
				9622964C2908F36A009DE671 /* BJ_1008.swift in Sources */,
				962296462908D131009DE671 /* ArrayInit.swift in Sources */,
			);
			runOnlyForDeploymentPostprocessing = 0;
		};
/* End PBXSourcesBuildPhase section */

/* Begin XCBuildConfiguration section */
		96FEC2A6289B310800580B06 /* Debug */ = {
			isa = XCBuildConfiguration;
			buildSettings = {
				ALWAYS_SEARCH_USER_PATHS = NO;
				CLANG_ANALYZER_NONNULL = YES;
				CLANG_ANALYZER_NUMBER_OBJECT_CONVERSION = YES_AGGRESSIVE;
				CLANG_CXX_LANGUAGE_STANDARD = "gnu++17";
				CLANG_ENABLE_MODULES = YES;
				CLANG_ENABLE_OBJC_ARC = YES;
				CLANG_ENABLE_OBJC_WEAK = YES;
				CLANG_WARN_BLOCK_CAPTURE_AUTORELEASING = YES;
				CLANG_WARN_BOOL_CONVERSION = YES;
				CLANG_WARN_COMMA = YES;
				CLANG_WARN_CONSTANT_CONVERSION = YES;
				CLANG_WARN_DEPRECATED_OBJC_IMPLEMENTATIONS = YES;
				CLANG_WARN_DIRECT_OBJC_ISA_USAGE = YES_ERROR;
				CLANG_WARN_DOCUMENTATION_COMMENTS = YES;
				CLANG_WARN_EMPTY_BODY = YES;
				CLANG_WARN_ENUM_CONVERSION = YES;
				CLANG_WARN_INFINITE_RECURSION = YES;
				CLANG_WARN_INT_CONVERSION = YES;
				CLANG_WARN_NON_LITERAL_NULL_CONVERSION = YES;
				CLANG_WARN_OBJC_IMPLICIT_RETAIN_SELF = YES;
				CLANG_WARN_OBJC_LITERAL_CONVERSION = YES;
				CLANG_WARN_OBJC_ROOT_CLASS = YES_ERROR;
				CLANG_WARN_QUOTED_INCLUDE_IN_FRAMEWORK_HEADER = YES;
				CLANG_WARN_RANGE_LOOP_ANALYSIS = YES;
				CLANG_WARN_STRICT_PROTOTYPES = YES;
				CLANG_WARN_SUSPICIOUS_MOVE = YES;
				CLANG_WARN_UNGUARDED_AVAILABILITY = YES_AGGRESSIVE;
				CLANG_WARN_UNREACHABLE_CODE = YES;
				CLANG_WARN__DUPLICATE_METHOD_MATCH = YES;
				COPY_PHASE_STRIP = NO;
				DEBUG_INFORMATION_FORMAT = dwarf;
				ENABLE_STRICT_OBJC_MSGSEND = YES;
				ENABLE_TESTABILITY = YES;
				GCC_C_LANGUAGE_STANDARD = gnu11;
				GCC_DYNAMIC_NO_PIC = NO;
				GCC_NO_COMMON_BLOCKS = YES;
				GCC_OPTIMIZATION_LEVEL = 0;
				GCC_PREPROCESSOR_DEFINITIONS = (
					"DEBUG=1",
					"$(inherited)",
				);
				GCC_WARN_64_TO_32_BIT_CONVERSION = YES;
				GCC_WARN_ABOUT_RETURN_TYPE = YES_ERROR;
				GCC_WARN_UNDECLARED_SELECTOR = YES;
				GCC_WARN_UNINITIALIZED_AUTOS = YES_AGGRESSIVE;
				GCC_WARN_UNUSED_FUNCTION = YES;
				GCC_WARN_UNUSED_VARIABLE = YES;
				MACOSX_DEPLOYMENT_TARGET = 12.3;
				MTL_ENABLE_DEBUG_INFO = INCLUDE_SOURCE;
				MTL_FAST_MATH = YES;
				ONLY_ACTIVE_ARCH = YES;
				SDKROOT = macosx;
				SWIFT_ACTIVE_COMPILATION_CONDITIONS = DEBUG;
				SWIFT_OPTIMIZATION_LEVEL = "-Onone";
			};
			name = Debug;
		};
		96FEC2A7289B310800580B06 /* Release */ = {
			isa = XCBuildConfiguration;
			buildSettings = {
				ALWAYS_SEARCH_USER_PATHS = NO;
				CLANG_ANALYZER_NONNULL = YES;
				CLANG_ANALYZER_NUMBER_OBJECT_CONVERSION = YES_AGGRESSIVE;
				CLANG_CXX_LANGUAGE_STANDARD = "gnu++17";
				CLANG_ENABLE_MODULES = YES;
				CLANG_ENABLE_OBJC_ARC = YES;
				CLANG_ENABLE_OBJC_WEAK = YES;
				CLANG_WARN_BLOCK_CAPTURE_AUTORELEASING = YES;
				CLANG_WARN_BOOL_CONVERSION = YES;
				CLANG_WARN_COMMA = YES;
				CLANG_WARN_CONSTANT_CONVERSION = YES;
				CLANG_WARN_DEPRECATED_OBJC_IMPLEMENTATIONS = YES;
				CLANG_WARN_DIRECT_OBJC_ISA_USAGE = YES_ERROR;
				CLANG_WARN_DOCUMENTATION_COMMENTS = YES;
				CLANG_WARN_EMPTY_BODY = YES;
				CLANG_WARN_ENUM_CONVERSION = YES;
				CLANG_WARN_INFINITE_RECURSION = YES;
				CLANG_WARN_INT_CONVERSION = YES;
				CLANG_WARN_NON_LITERAL_NULL_CONVERSION = YES;
				CLANG_WARN_OBJC_IMPLICIT_RETAIN_SELF = YES;
				CLANG_WARN_OBJC_LITERAL_CONVERSION = YES;
				CLANG_WARN_OBJC_ROOT_CLASS = YES_ERROR;
				CLANG_WARN_QUOTED_INCLUDE_IN_FRAMEWORK_HEADER = YES;
				CLANG_WARN_RANGE_LOOP_ANALYSIS = YES;
				CLANG_WARN_STRICT_PROTOTYPES = YES;
				CLANG_WARN_SUSPICIOUS_MOVE = YES;
				CLANG_WARN_UNGUARDED_AVAILABILITY = YES_AGGRESSIVE;
				CLANG_WARN_UNREACHABLE_CODE = YES;
				CLANG_WARN__DUPLICATE_METHOD_MATCH = YES;
				COPY_PHASE_STRIP = NO;
				DEBUG_INFORMATION_FORMAT = "dwarf-with-dsym";
				ENABLE_NS_ASSERTIONS = NO;
				ENABLE_STRICT_OBJC_MSGSEND = YES;
				GCC_C_LANGUAGE_STANDARD = gnu11;
				GCC_NO_COMMON_BLOCKS = YES;
				GCC_WARN_64_TO_32_BIT_CONVERSION = YES;
				GCC_WARN_ABOUT_RETURN_TYPE = YES_ERROR;
				GCC_WARN_UNDECLARED_SELECTOR = YES;
				GCC_WARN_UNINITIALIZED_AUTOS = YES_AGGRESSIVE;
				GCC_WARN_UNUSED_FUNCTION = YES;
				GCC_WARN_UNUSED_VARIABLE = YES;
				MACOSX_DEPLOYMENT_TARGET = 12.3;
				MTL_ENABLE_DEBUG_INFO = NO;
				MTL_FAST_MATH = YES;
				SDKROOT = macosx;
				SWIFT_COMPILATION_MODE = wholemodule;
				SWIFT_OPTIMIZATION_LEVEL = "-O";
			};
			name = Release;
		};
		96FEC2A9289B310800580B06 /* Debug */ = {
			isa = XCBuildConfiguration;
			buildSettings = {
				CODE_SIGN_STYLE = Automatic;
				DEVELOPMENT_TEAM = 69J4V4ULVW;
				ENABLE_HARDENED_RUNTIME = YES;
				PRODUCT_NAME = "$(TARGET_NAME)";
				SWIFT_VERSION = 5.0;
			};
			name = Debug;
		};
		96FEC2AA289B310800580B06 /* Release */ = {
			isa = XCBuildConfiguration;
			buildSettings = {
				CODE_SIGN_STYLE = Automatic;
				DEVELOPMENT_TEAM = 69J4V4ULVW;
				ENABLE_HARDENED_RUNTIME = YES;
				PRODUCT_NAME = "$(TARGET_NAME)";
				SWIFT_VERSION = 5.0;
			};
			name = Release;
		};
/* End XCBuildConfiguration section */

/* Begin XCConfigurationList section */
		96FEC29C289B310800580B06 /* Build configuration list for PBXProject "Algorithm" */ = {
			isa = XCConfigurationList;
			buildConfigurations = (
				96FEC2A6289B310800580B06 /* Debug */,
				96FEC2A7289B310800580B06 /* Release */,
			);
			defaultConfigurationIsVisible = 0;
			defaultConfigurationName = Release;
		};
		96FEC2A8289B310800580B06 /* Build configuration list for PBXNativeTarget "Algorithm" */ = {
			isa = XCConfigurationList;
			buildConfigurations = (
				96FEC2A9289B310800580B06 /* Debug */,
				96FEC2AA289B310800580B06 /* Release */,
			);
			defaultConfigurationIsVisible = 0;
			defaultConfigurationName = Release;
		};
/* End XCConfigurationList section */
	};
	rootObject = 96FEC299289B310800580B06 /* Project object */;
}
