// !$*UTF8*$!
{
	archiveVersion = 1;
	classes = {
	};
	objectVersion = 55;
	objects = {

/* Begin PBXBuildFile section */
		962296462908D131009DE671 /* ArrayInit.swift in Sources */ = {isa = PBXBuildFile; fileRef = 962296452908D131009DE671 /* ArrayInit.swift */; };
		963AD0D8296639ED000699EF /* main.swift in Sources */ = {isa = PBXBuildFile; fileRef = 963AD0D7296639ED000699EF /* main.swift */; };
		96FEC2AD289B327100580B06 /* Tutorial.swift in Sources */ = {isa = PBXBuildFile; fileRef = 96FEC2A4289B310800580B06 /* Tutorial.swift */; };
		9C4F47D92C4FD097009AC95E /* Tvn.swift in Sources */ = {isa = PBXBuildFile; fileRef = 9C4F47D82C4FD097009AC95E /* Tvn.swift */; };
		9C4F47DE2C50E4E5009AC95E /* Muz01.swift in Sources */ = {isa = PBXBuildFile; fileRef = 9C4F47DD2C50E4E4009AC95E /* Muz01.swift */; };
		9C4F47E02C50E4FA009AC95E /* Muz02.swift in Sources */ = {isa = PBXBuildFile; fileRef = 9C4F47DF2C50E4FA009AC95E /* Muz02.swift */; };
		9C4F47E22C50ED4D009AC95E /* Muz03.swift in Sources */ = {isa = PBXBuildFile; fileRef = 9C4F47E12C50ED4D009AC95E /* Muz03.swift */; };
		9C4F47E42C592F07009AC95E /* Prog_Last.swift in Sources */ = {isa = PBXBuildFile; fileRef = 9C4F47E32C592F07009AC95E /* Prog_Last.swift */; };
		9C4F47E72C5933AB009AC95E /* Prog_NumControl.swift in Sources */ = {isa = PBXBuildFile; fileRef = 9C4F47E62C5933AB009AC95E /* Prog_NumControl.swift */; };
		9CD62A352C099BF9008502BE /* BJ_1926_BFS.swift in Sources */ = {isa = PBXBuildFile; fileRef = 9CD62A342C099BF9008502BE /* BJ_1926_BFS.swift */; };
		9CD62A382C0C80AF008502BE /* BJ_2667.swift in Sources */ = {isa = PBXBuildFile; fileRef = 9CD62A372C0C80AF008502BE /* BJ_2667.swift */; };
		9CD62A3A2C0CBBF6008502BE /* BJ_15649.swift in Sources */ = {isa = PBXBuildFile; fileRef = 9CD62A392C0CBBF6008502BE /* BJ_15649.swift */; };
		9CD62A3D2C0F58D9008502BE /* BJ_2559.swift in Sources */ = {isa = PBXBuildFile; fileRef = 9CD62A3C2C0F58D9008502BE /* BJ_2559.swift */; };
		9CD62A402C0F708F008502BE /* BJ_1920.swift in Sources */ = {isa = PBXBuildFile; fileRef = 9CD62A3F2C0F708F008502BE /* BJ_1920.swift */; };
		9CD62A432C0F8D5B008502BE /* BJ_11047.swift in Sources */ = {isa = PBXBuildFile; fileRef = 9CD62A422C0F8D5B008502BE /* BJ_11047.swift */; };
		9CD62A462C103E05008502BE /* BJ_11726.swift in Sources */ = {isa = PBXBuildFile; fileRef = 9CD62A452C103E05008502BE /* BJ_11726.swift */; };
		9CD62A492C10589E008502BE /* Prim.swift in Sources */ = {isa = PBXBuildFile; fileRef = 9CD62A482C10589E008502BE /* Prim.swift */; };
		9CD62A4C2C1058B3008502BE /* BJ_1197.swift in Sources */ = {isa = PBXBuildFile; fileRef = 9CD62A4B2C1058B3008502BE /* BJ_1197.swift */; };
		9CD62A4E2C1076EA008502BE /* HeapTemplate.swift in Sources */ = {isa = PBXBuildFile; fileRef = 9CD62A4D2C1076EA008502BE /* HeapTemplate.swift */; };
		9CD62A502C10DE1B008502BE /* Dijkstra.swift in Sources */ = {isa = PBXBuildFile; fileRef = 9CD62A4F2C10DE1B008502BE /* Dijkstra.swift */; };
		9CD62A522C10DE5C008502BE /* BJ_1753.swift in Sources */ = {isa = PBXBuildFile; fileRef = 9CD62A512C10DE5C008502BE /* BJ_1753.swift */; };
		9CD62A542C1163FB008502BE /* FloydTemplate.swift in Sources */ = {isa = PBXBuildFile; fileRef = 9CD62A532C1163FB008502BE /* FloydTemplate.swift */; };
		9CD62A562C1164EB008502BE /* BJ_11404.swift in Sources */ = {isa = PBXBuildFile; fileRef = 9CD62A552C1164EB008502BE /* BJ_11404.swift */; };
		9CD62A5B2C117C35008502BE /* Prog_43165_LV2.swift in Sources */ = {isa = PBXBuildFile; fileRef = 9CD62A5A2C117C35008502BE /* Prog_43165_LV2.swift */; };
		9CD62A5D2C117D16008502BE /* Prog_42883.swift in Sources */ = {isa = PBXBuildFile; fileRef = 9CD62A5C2C117D16008502BE /* Prog_42883.swift */; };
		9CFAA40C2C07426100E24D25 /* BJ_2753.swift in Sources */ = {isa = PBXBuildFile; fileRef = 9CFAA40B2C07426100E24D25 /* BJ_2753.swift */; };
		9CFAA40E2C07463600E24D25 /* BJ_14681.swift in Sources */ = {isa = PBXBuildFile; fileRef = 9CFAA40D2C07463600E24D25 /* BJ_14681.swift */; };
		9CFAA4102C08CD4300E24D25 /* Prog_000.swift in Sources */ = {isa = PBXBuildFile; fileRef = 9CFAA40F2C08CD4300E24D25 /* Prog_000.swift */; };
/* End PBXBuildFile section */

/* Begin PBXCopyFilesBuildPhase section */
		96FEC29F289B310800580B06 /* CopyFiles */ = {
			isa = PBXCopyFilesBuildPhase;
			buildActionMask = 2147483647;
			dstPath = /usr/share/man/man1/;
			dstSubfolderSpec = 0;
			files = (
			);
			runOnlyForDeploymentPostprocessing = 1;
		};
/* End PBXCopyFilesBuildPhase section */

/* Begin PBXFileReference section */
		962296452908D131009DE671 /* ArrayInit.swift */ = {isa = PBXFileReference; lastKnownFileType = sourcecode.swift; path = ArrayInit.swift; sourceTree = "<group>"; };
		962296472908E737009DE671 /* BJ_1001.swift */ = {isa = PBXFileReference; lastKnownFileType = sourcecode.swift; path = BJ_1001.swift; sourceTree = "<group>"; };
		9622964B2908F36A009DE671 /* BJ_1008.swift */ = {isa = PBXFileReference; lastKnownFileType = sourcecode.swift; path = BJ_1008.swift; sourceTree = "<group>"; };
		9622964D2908FB19009DE671 /* BJ_10869.swift */ = {isa = PBXFileReference; lastKnownFileType = sourcecode.swift; path = BJ_10869.swift; sourceTree = "<group>"; };
		9622964F2908FC89009DE671 /* BJ_10926.swift */ = {isa = PBXFileReference; lastKnownFileType = sourcecode.swift; path = BJ_10926.swift; sourceTree = "<group>"; };
		963AD0D7296639ED000699EF /* main.swift */ = {isa = PBXFileReference; lastKnownFileType = sourcecode.swift; path = main.swift; sourceTree = "<group>"; };
		96BF68FB28DBD62A007D88C8 /* BJ_1000.swift */ = {isa = PBXFileReference; lastKnownFileType = sourcecode.swift; path = BJ_1000.swift; sourceTree = "<group>"; };
		96BF68FD28DBD699007D88C8 /* BJ_10098.swift */ = {isa = PBXFileReference; lastKnownFileType = sourcecode.swift; path = BJ_10098.swift; sourceTree = "<group>"; };
		96FEC2A1289B310800580B06 /* Algorithm */ = {isa = PBXFileReference; explicitFileType = "compiled.mach-o.executable"; includeInIndex = 0; path = Algorithm; sourceTree = BUILT_PRODUCTS_DIR; };
		96FEC2A4289B310800580B06 /* Tutorial.swift */ = {isa = PBXFileReference; lastKnownFileType = sourcecode.swift; path = Tutorial.swift; sourceTree = "<group>"; };
		9C4F47D82C4FD097009AC95E /* Tvn.swift */ = {isa = PBXFileReference; lastKnownFileType = sourcecode.swift; path = Tvn.swift; sourceTree = "<group>"; };
		9C4F47DD2C50E4E4009AC95E /* Muz01.swift */ = {isa = PBXFileReference; lastKnownFileType = sourcecode.swift; path = Muz01.swift; sourceTree = "<group>"; };
		9C4F47DF2C50E4FA009AC95E /* Muz02.swift */ = {isa = PBXFileReference; lastKnownFileType = sourcecode.swift; path = Muz02.swift; sourceTree = "<group>"; };
		9C4F47E12C50ED4D009AC95E /* Muz03.swift */ = {isa = PBXFileReference; lastKnownFileType = sourcecode.swift; path = Muz03.swift; sourceTree = "<group>"; };
		9C4F47E32C592F07009AC95E /* Prog_Last.swift */ = {isa = PBXFileReference; lastKnownFileType = sourcecode.swift; path = Prog_Last.swift; sourceTree = "<group>"; };
		9C4F47E62C5933AB009AC95E /* Prog_NumControl.swift */ = {isa = PBXFileReference; lastKnownFileType = sourcecode.swift; path = Prog_NumControl.swift; sourceTree = "<group>"; };
		9C54814F2BE09FD1009F1564 /* BJ_18108.swift */ = {isa = PBXFileReference; lastKnownFileType = sourcecode.swift; path = BJ_18108.swift; sourceTree = "<group>"; };
		9C5481512BE0A3C7009F1564 /* BJ_10430.swift */ = {isa = PBXFileReference; lastKnownFileType = sourcecode.swift; path = BJ_10430.swift; sourceTree = "<group>"; };
		9C5481522BE0A56D009F1564 /* BJ_2588.swift */ = {isa = PBXFileReference; lastKnownFileType = sourcecode.swift; path = BJ_2588.swift; sourceTree = "<group>"; };
		9C5481542BE0B61B009F1564 /* BJ_11382.swift */ = {isa = PBXFileReference; lastKnownFileType = sourcecode.swift; path = BJ_11382.swift; sourceTree = "<group>"; };
		9C5481552BE0B8CB009F1564 /* BJ_10171.swift */ = {isa = PBXFileReference; lastKnownFileType = sourcecode.swift; path = BJ_10171.swift; sourceTree = "<group>"; };
		9C5481562BE0BAAC009F1564 /* BJ_1330.swift */ = {isa = PBXFileReference; lastKnownFileType = sourcecode.swift; path = BJ_1330.swift; sourceTree = "<group>"; };
		9CD62A342C099BF9008502BE /* BJ_1926_BFS.swift */ = {isa = PBXFileReference; lastKnownFileType = sourcecode.swift; path = BJ_1926_BFS.swift; sourceTree = "<group>"; };
		9CD62A372C0C80AF008502BE /* BJ_2667.swift */ = {isa = PBXFileReference; lastKnownFileType = sourcecode.swift; path = BJ_2667.swift; sourceTree = "<group>"; };
		9CD62A392C0CBBF6008502BE /* BJ_15649.swift */ = {isa = PBXFileReference; lastKnownFileType = sourcecode.swift; path = BJ_15649.swift; sourceTree = "<group>"; };
		9CD62A3C2C0F58D9008502BE /* BJ_2559.swift */ = {isa = PBXFileReference; lastKnownFileType = sourcecode.swift; path = BJ_2559.swift; sourceTree = "<group>"; };
		9CD62A3F2C0F708F008502BE /* BJ_1920.swift */ = {isa = PBXFileReference; lastKnownFileType = sourcecode.swift; path = BJ_1920.swift; sourceTree = "<group>"; };
		9CD62A422C0F8D5B008502BE /* BJ_11047.swift */ = {isa = PBXFileReference; lastKnownFileType = sourcecode.swift; path = BJ_11047.swift; sourceTree = "<group>"; };
		9CD62A452C103E05008502BE /* BJ_11726.swift */ = {isa = PBXFileReference; lastKnownFileType = sourcecode.swift; path = BJ_11726.swift; sourceTree = "<group>"; };
		9CD62A482C10589E008502BE /* Prim.swift */ = {isa = PBXFileReference; lastKnownFileType = sourcecode.swift; path = Prim.swift; sourceTree = "<group>"; };
		9CD62A4B2C1058B3008502BE /* BJ_1197.swift */ = {isa = PBXFileReference; lastKnownFileType = sourcecode.swift; path = BJ_1197.swift; sourceTree = "<group>"; };
		9CD62A4D2C1076EA008502BE /* HeapTemplate.swift */ = {isa = PBXFileReference; lastKnownFileType = sourcecode.swift; path = HeapTemplate.swift; sourceTree = "<group>"; };
		9CD62A4F2C10DE1B008502BE /* Dijkstra.swift */ = {isa = PBXFileReference; lastKnownFileType = sourcecode.swift; path = Dijkstra.swift; sourceTree = "<group>"; };
		9CD62A512C10DE5C008502BE /* BJ_1753.swift */ = {isa = PBXFileReference; lastKnownFileType = sourcecode.swift; path = BJ_1753.swift; sourceTree = "<group>"; };
		9CD62A532C1163FB008502BE /* FloydTemplate.swift */ = {isa = PBXFileReference; lastKnownFileType = sourcecode.swift; path = FloydTemplate.swift; sourceTree = "<group>"; };
		9CD62A552C1164EB008502BE /* BJ_11404.swift */ = {isa = PBXFileReference; lastKnownFileType = sourcecode.swift; path = BJ_11404.swift; sourceTree = "<group>"; };
		9CD62A5A2C117C35008502BE /* Prog_43165_LV2.swift */ = {isa = PBXFileReference; lastKnownFileType = sourcecode.swift; path = Prog_43165_LV2.swift; sourceTree = "<group>"; };
		9CD62A5C2C117D16008502BE /* Prog_42883.swift */ = {isa = PBXFileReference; lastKnownFileType = sourcecode.swift; path = Prog_42883.swift; sourceTree = "<group>"; };
		9CFAA3CB2C05EAD600E24D25 /* BJ_9498.swift */ = {isa = PBXFileReference; lastKnownFileType = sourcecode.swift; path = BJ_9498.swift; sourceTree = "<group>"; };
		9CFAA40B2C07426100E24D25 /* BJ_2753.swift */ = {isa = PBXFileReference; lastKnownFileType = sourcecode.swift; path = BJ_2753.swift; sourceTree = "<group>"; };
		9CFAA40D2C07463600E24D25 /* BJ_14681.swift */ = {isa = PBXFileReference; lastKnownFileType = sourcecode.swift; path = BJ_14681.swift; sourceTree = "<group>"; };
		9CFAA40F2C08CD4300E24D25 /* Prog_000.swift */ = {isa = PBXFileReference; lastKnownFileType = sourcecode.swift; path = Prog_000.swift; sourceTree = "<group>"; };
/* End PBXFileReference section */

/* Begin PBXFrameworksBuildPhase section */
		96FEC29E289B310800580B06 /* Frameworks */ = {
			isa = PBXFrameworksBuildPhase;
			buildActionMask = 2147483647;
			files = (
			);
			runOnlyForDeploymentPostprocessing = 0;
		};
/* End PBXFrameworksBuildPhase section */

/* Begin PBXGroup section */
		962296492908ED3C009DE671 /* BJ_LV1_입출력과 사칙연산 */ = {
			isa = PBXGroup;
			children = (
				96BF68FB28DBD62A007D88C8 /* BJ_1000.swift */,
				962296472908E737009DE671 /* BJ_1001.swift */,
				96BF68FD28DBD699007D88C8 /* BJ_10098.swift */,
				9622964B2908F36A009DE671 /* BJ_1008.swift */,
				9622964D2908FB19009DE671 /* BJ_10869.swift */,
				9622964F2908FC89009DE671 /* BJ_10926.swift */,
				9C54814F2BE09FD1009F1564 /* BJ_18108.swift */,
				9C5481512BE0A3C7009F1564 /* BJ_10430.swift */,
				9C5481522BE0A56D009F1564 /* BJ_2588.swift */,
				9C5481542BE0B61B009F1564 /* BJ_11382.swift */,
				9C5481552BE0B8CB009F1564 /* BJ_10171.swift */,
			);
			name = "BJ_LV1_입출력과 사칙연산";
			path = "입출력과 사칙연산";
			sourceTree = "<group>";
		};
		96FEC298289B310800580B06 = {
			isa = PBXGroup;
			children = (
				96FEC2A3289B310800580B06 /* Algorithm */,
				9C4F47DC2C4FD0E0009AC95E /* Exam */,
				96FEC2A2289B310800580B06 /* Products */,
			);
			sourceTree = "<group>";
		};
		96FEC2A2289B310800580B06 /* Products */ = {
			isa = PBXGroup;
			children = (
				96FEC2A1289B310800580B06 /* Algorithm */,
			);
			name = Products;
			sourceTree = "<group>";
		};
		96FEC2A3289B310800580B06 /* Algorithm */ = {
			isa = PBXGroup;
			children = (
				96FEC2A4289B310800580B06 /* Tutorial.swift */,
				962296452908D131009DE671 /* ArrayInit.swift */,
				9C4F47E52C592F10009AC95E /* LV_1 */,
				962296492908ED3C009DE671 /* BJ_LV1_입출력과 사칙연산 */,
				9C5481592BE0BABC009F1564 /* BJ_LV2_조건문 */,
				9CFAA4112C08CE0F00E24D25 /* Prog_LV0 */,
				963AD0D7296639ED000699EF /* main.swift */,
				9CD62A362C099BFC008502BE /* BFS_DFS */,
				9CD62A3B2C0CBC00008502BE /* BackTracking */,
				9CD62A3E2C0F58DE008502BE /* TwoPointer */,
				9CD62A412C0F7094008502BE /* BinarySearch */,
				9CD62A442C0F8D5F008502BE /* Greedy */,
				9CD62A472C103E08008502BE /* DP */,
				9CD62A592C11651F008502BE /* UseHeap */,
				9CD62A572C1164EF008502BE /* Floyd */,
			);
			path = Algorithm;
			sourceTree = "<group>";
		};
		9C4F47DA2C4FD0BE009AC95E /* Tving */ = {
			isa = PBXGroup;
			children = (
				9C4F47D82C4FD097009AC95E /* Tvn.swift */,
				9C4F47DD2C50E4E4009AC95E /* Muz01.swift */,
				9C4F47DF2C50E4FA009AC95E /* Muz02.swift */,
				9C4F47E12C50ED4D009AC95E /* Muz03.swift */,
			);
			path = Tving;
			sourceTree = "<group>";
		};
		9C4F47DC2C4FD0E0009AC95E /* Exam */ = {
			isa = PBXGroup;
			children = (
				9C4F47DA2C4FD0BE009AC95E /* Tving */,
			);
			path = Exam;
			sourceTree = "<group>";
		};
		9C4F47E52C592F10009AC95E /* LV_1 */ = {
			isa = PBXGroup;
			children = (
				9C4F47E32C592F07009AC95E /* Prog_Last.swift */,
				9C4F47E62C5933AB009AC95E /* Prog_NumControl.swift */,
			);
			path = LV_1;
			sourceTree = "<group>";
		};
		9C5481592BE0BABC009F1564 /* BJ_LV2_조건문 */ = {
			isa = PBXGroup;
			children = (
				9C5481562BE0BAAC009F1564 /* BJ_1330.swift */,
				9CFAA3CB2C05EAD600E24D25 /* BJ_9498.swift */,
				9CFAA40B2C07426100E24D25 /* BJ_2753.swift */,
				9CFAA40D2C07463600E24D25 /* BJ_14681.swift */,
			);
			name = "BJ_LV2_조건문";
			path = "조건문";
			sourceTree = "<group>";
		};
		9CD62A362C099BFC008502BE /* BFS_DFS */ = {
			isa = PBXGroup;
			children = (
				9CD62A342C099BF9008502BE /* BJ_1926_BFS.swift */,
				9CD62A372C0C80AF008502BE /* BJ_2667.swift */,
				9CD62A5A2C117C35008502BE /* Prog_43165_LV2.swift */,
			);
			path = BFS_DFS;
			sourceTree = "<group>";
		};
		9CD62A3B2C0CBC00008502BE /* BackTracking */ = {
			isa = PBXGroup;
			children = (
				9CD62A392C0CBBF6008502BE /* BJ_15649.swift */,
			);
			path = BackTracking;
			sourceTree = "<group>";
		};
		9CD62A3E2C0F58DE008502BE /* TwoPointer */ = {
			isa = PBXGroup;
			children = (
				9CD62A3C2C0F58D9008502BE /* BJ_2559.swift */,
			);
			path = TwoPointer;
			sourceTree = "<group>";
		};
		9CD62A412C0F7094008502BE /* BinarySearch */ = {
			isa = PBXGroup;
			children = (
				9CD62A3F2C0F708F008502BE /* BJ_1920.swift */,
			);
			path = BinarySearch;
			sourceTree = "<group>";
		};
		9CD62A442C0F8D5F008502BE /* Greedy */ = {
			isa = PBXGroup;
			children = (
				9CD62A422C0F8D5B008502BE /* BJ_11047.swift */,
				9CD62A5C2C117D16008502BE /* Prog_42883.swift */,
			);
			path = Greedy;
			sourceTree = "<group>";
		};
		9CD62A472C103E08008502BE /* DP */ = {
			isa = PBXGroup;
			children = (
				9CD62A452C103E05008502BE /* BJ_11726.swift */,
			);
			path = DP;
			sourceTree = "<group>";
		};
		9CD62A4A2C1058A1008502BE /* MST */ = {
			isa = PBXGroup;
			children = (
				9CD62A482C10589E008502BE /* Prim.swift */,
				9CD62A4B2C1058B3008502BE /* BJ_1197.swift */,
			);
			path = MST;
			sourceTree = "<group>";
		};
		9CD62A572C1164EF008502BE /* Floyd */ = {
			isa = PBXGroup;
			children = (
				9CD62A532C1163FB008502BE /* FloydTemplate.swift */,
				9CD62A552C1164EB008502BE /* BJ_11404.swift */,
			);
			path = Floyd;
			sourceTree = "<group>";
		};
		9CD62A582C116503008502BE /* Dijkstra */ = {
			isa = PBXGroup;
			children = (
				9CD62A4F2C10DE1B008502BE /* Dijkstra.swift */,
				9CD62A512C10DE5C008502BE /* BJ_1753.swift */,
			);
			path = Dijkstra;
			sourceTree = "<group>";
		};
		9CD62A592C11651F008502BE /* UseHeap */ = {
			isa = PBXGroup;
			children = (
				9CD62A4D2C1076EA008502BE /* HeapTemplate.swift */,
				9CD62A4A2C1058A1008502BE /* MST */,
				9CD62A582C116503008502BE /* Dijkstra */,
			);
			path = UseHeap;
			sourceTree = "<group>";
		};
		9CFAA4112C08CE0F00E24D25 /* Prog_LV0 */ = {
			isa = PBXGroup;
			children = (
				9CFAA40F2C08CD4300E24D25 /* Prog_000.swift */,
			);
			path = Prog_LV0;
			sourceTree = "<group>";
		};
/* End PBXGroup section */

/* Begin PBXNativeTarget section */
		96FEC2A0289B310800580B06 /* Algorithm */ = {
			isa = PBXNativeTarget;
			buildConfigurationList = 96FEC2A8289B310800580B06 /* Build configuration list for PBXNativeTarget "Algorithm" */;
			buildPhases = (
				96FEC29D289B310800580B06 /* Sources */,
				96FEC29E289B310800580B06 /* Frameworks */,
				96FEC29F289B310800580B06 /* CopyFiles */,
			);
			buildRules = (
			);
			dependencies = (
			);
			name = Algorithm;
			productName = Algorithm;
			productReference = 96FEC2A1289B310800580B06 /* Algorithm */;
			productType = "com.apple.product-type.tool";
		};
/* End PBXNativeTarget section */

/* Begin PBXProject section */
		96FEC299289B310800580B06 /* Project object */ = {
			isa = PBXProject;
			attributes = {
				BuildIndependentTargetsInParallel = 1;
				LastSwiftUpdateCheck = 1340;
				LastUpgradeCheck = 1340;
				TargetAttributes = {
					96FEC2A0289B310800580B06 = {
						CreatedOnToolsVersion = 13.4;
					};
				};
			};
			buildConfigurationList = 96FEC29C289B310800580B06 /* Build configuration list for PBXProject "Algorithm" */;
			compatibilityVersion = "Xcode 13.0";
			developmentRegion = en;
			hasScannedForEncodings = 0;
			knownRegions = (
				en,
				Base,
			);
			mainGroup = 96FEC298289B310800580B06;
			productRefGroup = 96FEC2A2289B310800580B06 /* Products */;
			projectDirPath = "";
			projectRoot = "";
			targets = (
				96FEC2A0289B310800580B06 /* Algorithm */,
			);
		};
/* End PBXProject section */

/* Begin PBXSourcesBuildPhase section */
		96FEC29D289B310800580B06 /* Sources */ = {
			isa = PBXSourcesBuildPhase;
			buildActionMask = 2147483647;
			files = (
				9C4F47DE2C50E4E5009AC95E /* Muz01.swift in Sources */,
				9CD62A382C0C80AF008502BE /* BJ_2667.swift in Sources */,
				9CFAA40C2C07426100E24D25 /* BJ_2753.swift in Sources */,
				9CD62A352C099BF9008502BE /* BJ_1926_BFS.swift in Sources */,
				96FEC2AD289B327100580B06 /* Tutorial.swift in Sources */,
				9CFAA4102C08CD4300E24D25 /* Prog_000.swift in Sources */,
				9CD62A5B2C117C35008502BE /* Prog_43165_LV2.swift in Sources */,
				9CD62A432C0F8D5B008502BE /* BJ_11047.swift in Sources */,
				9CD62A542C1163FB008502BE /* FloydTemplate.swift in Sources */,
				963AD0D8296639ED000699EF /* main.swift in Sources */,
				9CD62A522C10DE5C008502BE /* BJ_1753.swift in Sources */,
				9C4F47D92C4FD097009AC95E /* Tvn.swift in Sources */,
				9C4F47E42C592F07009AC95E /* Prog_Last.swift in Sources */,
				9CD62A4E2C1076EA008502BE /* HeapTemplate.swift in Sources */,
				9CD62A402C0F708F008502BE /* BJ_1920.swift in Sources */,
				9CD62A3D2C0F58D9008502BE /* BJ_2559.swift in Sources */,
				9C4F47E72C5933AB009AC95E /* Prog_NumControl.swift in Sources */,
				9CD62A492C10589E008502BE /* Prim.swift in Sources */,
				9CFAA40E2C07463600E24D25 /* BJ_14681.swift in Sources */,
				9CD62A5D2C117D16008502BE /* Prog_42883.swift in Sources */,
				9C4F47E02C50E4FA009AC95E /* Muz02.swift in Sources */,
				9CD62A3A2C0CBBF6008502BE /* BJ_15649.swift in Sources */,
				9CD62A4C2C1058B3008502BE /* BJ_1197.swift in Sources */,
				9CD62A462C103E05008502BE /* BJ_11726.swift in Sources */,
				962296462908D131009DE671 /* ArrayInit.swift in Sources */,
				9C4F47E22C50ED4D009AC95E /* Muz03.swift in Sources */,
				9CD62A562C1164EB008502BE /* BJ_11404.swift in Sources */,
				9CD62A502C10DE1B008502BE /* Dijkstra.swift in Sources */,
			);
			runOnlyForDeploymentPostprocessing = 0;
		};
/* End PBXSourcesBuildPhase section */

/* Begin XCBuildConfiguration section */
		96FEC2A6289B310800580B06 /* Debug */ = {
			isa = XCBuildConfiguration;
			buildSettings = {
				ALWAYS_SEARCH_USER_PATHS = NO;
				CLANG_ANALYZER_NONNULL = YES;
				CLANG_ANALYZER_NUMBER_OBJECT_CONVERSION = YES_AGGRESSIVE;
				CLANG_CXX_LANGUAGE_STANDARD = "gnu++17";
				CLANG_ENABLE_MODULES = YES;
				CLANG_ENABLE_OBJC_ARC = YES;
				CLANG_ENABLE_OBJC_WEAK = YES;
				CLANG_WARN_BLOCK_CAPTURE_AUTORELEASING = YES;
				CLANG_WARN_BOOL_CONVERSION = YES;
				CLANG_WARN_COMMA = YES;
				CLANG_WARN_CONSTANT_CONVERSION = YES;
				CLANG_WARN_DEPRECATED_OBJC_IMPLEMENTATIONS = YES;
				CLANG_WARN_DIRECT_OBJC_ISA_USAGE = YES_ERROR;
				CLANG_WARN_DOCUMENTATION_COMMENTS = YES;
				CLANG_WARN_EMPTY_BODY = YES;
				CLANG_WARN_ENUM_CONVERSION = YES;
				CLANG_WARN_INFINITE_RECURSION = YES;
				CLANG_WARN_INT_CONVERSION = YES;
				CLANG_WARN_NON_LITERAL_NULL_CONVERSION = YES;
				CLANG_WARN_OBJC_IMPLICIT_RETAIN_SELF = YES;
				CLANG_WARN_OBJC_LITERAL_CONVERSION = YES;
				CLANG_WARN_OBJC_ROOT_CLASS = YES_ERROR;
				CLANG_WARN_QUOTED_INCLUDE_IN_FRAMEWORK_HEADER = YES;
				CLANG_WARN_RANGE_LOOP_ANALYSIS = YES;
				CLANG_WARN_STRICT_PROTOTYPES = YES;
				CLANG_WARN_SUSPICIOUS_MOVE = YES;
				CLANG_WARN_UNGUARDED_AVAILABILITY = YES_AGGRESSIVE;
				CLANG_WARN_UNREACHABLE_CODE = YES;
				CLANG_WARN__DUPLICATE_METHOD_MATCH = YES;
				COPY_PHASE_STRIP = NO;
				DEBUG_INFORMATION_FORMAT = dwarf;
				ENABLE_STRICT_OBJC_MSGSEND = YES;
				ENABLE_TESTABILITY = YES;
				GCC_C_LANGUAGE_STANDARD = gnu11;
				GCC_DYNAMIC_NO_PIC = NO;
				GCC_NO_COMMON_BLOCKS = YES;
				GCC_OPTIMIZATION_LEVEL = 0;
				GCC_PREPROCESSOR_DEFINITIONS = (
					"DEBUG=1",
					"$(inherited)",
				);
				GCC_WARN_64_TO_32_BIT_CONVERSION = YES;
				GCC_WARN_ABOUT_RETURN_TYPE = YES_ERROR;
				GCC_WARN_UNDECLARED_SELECTOR = YES;
				GCC_WARN_UNINITIALIZED_AUTOS = YES_AGGRESSIVE;
				GCC_WARN_UNUSED_FUNCTION = YES;
				GCC_WARN_UNUSED_VARIABLE = YES;
				MACOSX_DEPLOYMENT_TARGET = 12.3;
				MTL_ENABLE_DEBUG_INFO = INCLUDE_SOURCE;
				MTL_FAST_MATH = YES;
				ONLY_ACTIVE_ARCH = YES;
				SDKROOT = macosx;
				SWIFT_ACTIVE_COMPILATION_CONDITIONS = DEBUG;
				SWIFT_OPTIMIZATION_LEVEL = "-Onone";
			};
			name = Debug;
		};
		96FEC2A7289B310800580B06 /* Release */ = {
			isa = XCBuildConfiguration;
			buildSettings = {
				ALWAYS_SEARCH_USER_PATHS = NO;
				CLANG_ANALYZER_NONNULL = YES;
				CLANG_ANALYZER_NUMBER_OBJECT_CONVERSION = YES_AGGRESSIVE;
				CLANG_CXX_LANGUAGE_STANDARD = "gnu++17";
				CLANG_ENABLE_MODULES = YES;
				CLANG_ENABLE_OBJC_ARC = YES;
				CLANG_ENABLE_OBJC_WEAK = YES;
				CLANG_WARN_BLOCK_CAPTURE_AUTORELEASING = YES;
				CLANG_WARN_BOOL_CONVERSION = YES;
				CLANG_WARN_COMMA = YES;
				CLANG_WARN_CONSTANT_CONVERSION = YES;
				CLANG_WARN_DEPRECATED_OBJC_IMPLEMENTATIONS = YES;
				CLANG_WARN_DIRECT_OBJC_ISA_USAGE = YES_ERROR;
				CLANG_WARN_DOCUMENTATION_COMMENTS = YES;
				CLANG_WARN_EMPTY_BODY = YES;
				CLANG_WARN_ENUM_CONVERSION = YES;
				CLANG_WARN_INFINITE_RECURSION = YES;
				CLANG_WARN_INT_CONVERSION = YES;
				CLANG_WARN_NON_LITERAL_NULL_CONVERSION = YES;
				CLANG_WARN_OBJC_IMPLICIT_RETAIN_SELF = YES;
				CLANG_WARN_OBJC_LITERAL_CONVERSION = YES;
				CLANG_WARN_OBJC_ROOT_CLASS = YES_ERROR;
				CLANG_WARN_QUOTED_INCLUDE_IN_FRAMEWORK_HEADER = YES;
				CLANG_WARN_RANGE_LOOP_ANALYSIS = YES;
				CLANG_WARN_STRICT_PROTOTYPES = YES;
				CLANG_WARN_SUSPICIOUS_MOVE = YES;
				CLANG_WARN_UNGUARDED_AVAILABILITY = YES_AGGRESSIVE;
				CLANG_WARN_UNREACHABLE_CODE = YES;
				CLANG_WARN__DUPLICATE_METHOD_MATCH = YES;
				COPY_PHASE_STRIP = NO;
				DEBUG_INFORMATION_FORMAT = "dwarf-with-dsym";
				ENABLE_NS_ASSERTIONS = NO;
				ENABLE_STRICT_OBJC_MSGSEND = YES;
				GCC_C_LANGUAGE_STANDARD = gnu11;
				GCC_NO_COMMON_BLOCKS = YES;
				GCC_WARN_64_TO_32_BIT_CONVERSION = YES;
				GCC_WARN_ABOUT_RETURN_TYPE = YES_ERROR;
				GCC_WARN_UNDECLARED_SELECTOR = YES;
				GCC_WARN_UNINITIALIZED_AUTOS = YES_AGGRESSIVE;
				GCC_WARN_UNUSED_FUNCTION = YES;
				GCC_WARN_UNUSED_VARIABLE = YES;
				MACOSX_DEPLOYMENT_TARGET = 12.3;
				MTL_ENABLE_DEBUG_INFO = NO;
				MTL_FAST_MATH = YES;
				SDKROOT = macosx;
				SWIFT_COMPILATION_MODE = wholemodule;
				SWIFT_OPTIMIZATION_LEVEL = "-O";
			};
			name = Release;
		};
		96FEC2A9289B310800580B06 /* Debug */ = {
			isa = XCBuildConfiguration;
			buildSettings = {
				CODE_SIGN_STYLE = Automatic;
				DEVELOPMENT_TEAM = 69J4V4ULVW;
				ENABLE_HARDENED_RUNTIME = YES;
				PRODUCT_NAME = "$(TARGET_NAME)";
				SWIFT_VERSION = 5.0;
			};
			name = Debug;
		};
		96FEC2AA289B310800580B06 /* Release */ = {
			isa = XCBuildConfiguration;
			buildSettings = {
				CODE_SIGN_STYLE = Automatic;
				DEVELOPMENT_TEAM = 69J4V4ULVW;
				ENABLE_HARDENED_RUNTIME = YES;
				PRODUCT_NAME = "$(TARGET_NAME)";
				SWIFT_VERSION = 5.0;
			};
			name = Release;
		};
/* End XCBuildConfiguration section */

/* Begin XCConfigurationList section */
		96FEC29C289B310800580B06 /* Build configuration list for PBXProject "Algorithm" */ = {
			isa = XCConfigurationList;
			buildConfigurations = (
				96FEC2A6289B310800580B06 /* Debug */,
				96FEC2A7289B310800580B06 /* Release */,
			);
			defaultConfigurationIsVisible = 0;
			defaultConfigurationName = Release;
		};
		96FEC2A8289B310800580B06 /* Build configuration list for PBXNativeTarget "Algorithm" */ = {
			isa = XCConfigurationList;
			buildConfigurations = (
				96FEC2A9289B310800580B06 /* Debug */,
				96FEC2AA289B310800580B06 /* Release */,
			);
			defaultConfigurationIsVisible = 0;
			defaultConfigurationName = Release;
		};
/* End XCConfigurationList section */
	};
	rootObject = 96FEC299289B310800580B06 /* Project object */;
}
